
Microsoft Visual Studio Solution File, Format Version 12.00
# Visual Studio Version 17
VisualStudioVersion = 17.0.31903.59
MinimumVisualStudioVersion = 10.0.40219.1
Project("{FAE04EC0-301F-11D3-BF4B-00C04F79EFBC}") = "MelbergFramework.Infrastructure.Rabbit", "MelbergFramework.Infrastructure.Rabbit\MelbergFramework.Infrastructure.Rabbit.csproj", "{2A8EAAB5-8EA7-48FC-938A-138A1AFE0323}"
EndProject
Project("{FAE04EC0-301F-11D3-BF4B-00C04F79EFBC}") = "Demo", "Demo\Demo.csproj", "{2C27F72D-895A-4B10-BEB4-F757618EA6ED}"
EndProject
Project("{FAE04EC0-301F-11D3-BF4B-00C04F79EFBC}") = "MelbergFramework.ComponentTesting.Rabbit", "MelbergFramework.ComponentTesting.Rabbit\MelbergFramework.ComponentTesting.Rabbit.csproj", "{2DA62AB1-F18E-494C-BA27-6A2D962DB062}"
EndProject
Project("{FAE04EC0-301F-11D3-BF4B-00C04F79EFBC}") = "MelbergFramework.ComponentTests", "MelbergFramework.ComponentTests\MelbergFramework.ComponentTests.csproj", "{B9312085-3F3A-407E-8329-4D66F9226B3E}"
EndProject
Project("{2150E333-8FDC-42A3-9474-1A3956D46DE8}") = "Tests", "Tests", "{21973F7C-DEA4-4532-B99C-1C2CF21740C1}"
EndProject
Project("{FAE04EC0-301F-11D3-BF4B-00C04F79EFBC}") = "UnitTests", "Tests\UnitTests\UnitTests.csproj", "{BDB0ED88-D5C0-463B-A1DE-CEBFD342D555}"
EndProject
Global
	GlobalSection(SolutionConfigurationPlatforms) = preSolution
		Debug|Any CPU = Debug|Any CPU
		Release|Any CPU = Release|Any CPU
	EndGlobalSection
	GlobalSection(SolutionProperties) = preSolution
		HideSolutionNode = FALSE
	EndGlobalSection
	GlobalSection(ProjectConfigurationPlatforms) = postSolution
		{2A8EAAB5-8EA7-48FC-938A-138A1AFE0323}.Debug|Any CPU.ActiveCfg = Debug|Any CPU
		{2A8EAAB5-8EA7-48FC-938A-138A1AFE0323}.Debug|Any CPU.Build.0 = Debug|Any CPU
		{2A8EAAB5-8EA7-48FC-938A-138A1AFE0323}.Release|Any CPU.ActiveCfg = Release|Any CPU
		{2A8EAAB5-8EA7-48FC-938A-138A1AFE0323}.Release|Any CPU.Build.0 = Release|Any CPU
		{2C27F72D-895A-4B10-BEB4-F757618EA6ED}.Debug|Any CPU.ActiveCfg = Debug|Any CPU
		{2C27F72D-895A-4B10-BEB4-F757618EA6ED}.Debug|Any CPU.Build.0 = Debug|Any CPU
		{2C27F72D-895A-4B10-BEB4-F757618EA6ED}.Release|Any CPU.ActiveCfg = Release|Any CPU
		{2C27F72D-895A-4B10-BEB4-F757618EA6ED}.Release|Any CPU.Build.0 = Release|Any CPU
		{2DA62AB1-F18E-494C-BA27-6A2D962DB062}.Debug|Any CPU.ActiveCfg = Debug|Any CPU
		{2DA62AB1-F18E-494C-BA27-6A2D962DB062}.Debug|Any CPU.Build.0 = Debug|Any CPU
		{2DA62AB1-F18E-494C-BA27-6A2D962DB062}.Release|Any CPU.ActiveCfg = Release|Any CPU
		{2DA62AB1-F18E-494C-BA27-6A2D962DB062}.Release|Any CPU.Build.0 = Release|Any CPU
		{B9312085-3F3A-407E-8329-4D66F9226B3E}.Debug|Any CPU.ActiveCfg = Debug|Any CPU
		{B9312085-3F3A-407E-8329-4D66F9226B3E}.Debug|Any CPU.Build.0 = Debug|Any CPU
		{B9312085-3F3A-407E-8329-4D66F9226B3E}.Release|Any CPU.ActiveCfg = Release|Any CPU
		{B9312085-3F3A-407E-8329-4D66F9226B3E}.Release|Any CPU.Build.0 = Release|Any CPU
		{BDB0ED88-D5C0-463B-A1DE-CEBFD342D555}.Debug|Any CPU.ActiveCfg = Debug|Any CPU
		{BDB0ED88-D5C0-463B-A1DE-CEBFD342D555}.Debug|Any CPU.Build.0 = Debug|Any CPU
		{BDB0ED88-D5C0-463B-A1DE-CEBFD342D555}.Release|Any CPU.ActiveCfg = Release|Any CPU
		{BDB0ED88-D5C0-463B-A1DE-CEBFD342D555}.Release|Any CPU.Build.0 = Release|Any CPU
	EndGlobalSection
	GlobalSection(NestedProjects) = preSolution
		{BDB0ED88-D5C0-463B-A1DE-CEBFD342D555} = {21973F7C-DEA4-4532-B99C-1C2CF21740C1}
	EndGlobalSection
EndGlobal
